
Microsoft Visual Studio Solution File, Format Version 12.00
# Visual Studio Version 17
VisualStudioVersion = 17.4.33205.214
MinimumVisualStudioVersion = 10.0.40219.1
Project("{FAE04EC0-301F-11D3-BF4B-00C04F79EFBC}") = "Deneme2_AspNetCore", "Deneme2_AspNetCore\Deneme2_AspNetCore.csproj", "{52B44B71-7652-4B67-A2A7-1179D195728B}"
EndProject
Global
	GlobalSection(SolutionConfigurationPlatforms) = preSolution
		Debug|Any CPU = Debug|Any CPU
		Release|Any CPU = Release|Any CPU
	EndGlobalSection
	GlobalSection(ProjectConfigurationPlatforms) = postSolution
		{52B44B71-7652-4B67-A2A7-1179D195728B}.Debug|Any CPU.ActiveCfg = Debug|Any CPU
		{52B44B71-7652-4B67-A2A7-1179D195728B}.Debug|Any CPU.Build.0 = Debug|Any CPU
		{52B44B71-7652-4B67-A2A7-1179D195728B}.Release|Any CPU.ActiveCfg = Release|Any CPU
		{52B44B71-7652-4B67-A2A7-1179D195728B}.Release|Any CPU.Build.0 = Release|Any CPU
	EndGlobalSection
	GlobalSection(SolutionProperties) = preSolution
		HideSolutionNode = FALSE
	EndGlobalSection
	GlobalSection(ExtensibilityGlobals) = postSolution
		SolutionGuid = {9EFF92B6-DA28-4B47-9E29-E3466750A6C7}
	EndGlobalSection
EndGlobal
